
Microsoft Visual Studio Solution File, Format Version 12.00
# Visual Studio Version 17
VisualStudioVersion = 17.0.32112.339
MinimumVisualStudioVersion = 10.0.40219.1
Project("{FAE04EC0-301F-11D3-BF4B-00C04F79EFBC}") = "Juegobatleship", "Juegobatleship\Juegobatleship.csproj", "{B9B3C98E-2EB4-432B-86DD-5C28E923AD07}"
EndProject
Global
	GlobalSection(SolutionConfigurationPlatforms) = preSolution
		Debug|Any CPU = Debug|Any CPU
		Release|Any CPU = Release|Any CPU
	EndGlobalSection
	GlobalSection(ProjectConfigurationPlatforms) = postSolution
		{B9B3C98E-2EB4-432B-86DD-5C28E923AD07}.Debug|Any CPU.ActiveCfg = Debug|Any CPU
		{B9B3C98E-2EB4-432B-86DD-5C28E923AD07}.Debug|Any CPU.Build.0 = Debug|Any CPU
		{B9B3C98E-2EB4-432B-86DD-5C28E923AD07}.Release|Any CPU.ActiveCfg = Release|Any CPU
		{B9B3C98E-2EB4-432B-86DD-5C28E923AD07}.Release|Any CPU.Build.0 = Release|Any CPU
	EndGlobalSection
	GlobalSection(SolutionProperties) = preSolution
		HideSolutionNode = FALSE
	EndGlobalSection
	GlobalSection(ExtensibilityGlobals) = postSolution
		SolutionGuid = {D666DB5E-14D5-4F70-9164-31BE72BB8C19}
	EndGlobalSection
EndGlobal
